
Microsoft Visual Studio Solution File, Format Version 12.00
# Visual Studio Version 17
VisualStudioVersion = 17.6.33723.286
MinimumVisualStudioVersion = 10.0.40219.1
Project("{FAE04EC0-301F-11D3-BF4B-00C04F79EFBC}") = "Exercicio_Sequencial_05", "Exercicio_Sequencial_05\Exercicio_Sequencial_05.csproj", "{DEBD95B7-AA3C-4A76-B9AE-08464C65A22E}"
EndProject
Global
	GlobalSection(SolutionConfigurationPlatforms) = preSolution
		Debug|Any CPU = Debug|Any CPU
		Release|Any CPU = Release|Any CPU
	EndGlobalSection
	GlobalSection(ProjectConfigurationPlatforms) = postSolution
		{DEBD95B7-AA3C-4A76-B9AE-08464C65A22E}.Debug|Any CPU.ActiveCfg = Debug|Any CPU
		{DEBD95B7-AA3C-4A76-B9AE-08464C65A22E}.Debug|Any CPU.Build.0 = Debug|Any CPU
		{DEBD95B7-AA3C-4A76-B9AE-08464C65A22E}.Release|Any CPU.ActiveCfg = Release|Any CPU
		{DEBD95B7-AA3C-4A76-B9AE-08464C65A22E}.Release|Any CPU.Build.0 = Release|Any CPU
	EndGlobalSection
	GlobalSection(SolutionProperties) = preSolution
		HideSolutionNode = FALSE
	EndGlobalSection
	GlobalSection(ExtensibilityGlobals) = postSolution
		SolutionGuid = {2DC50393-3B81-4FFD-B472-98567F6E0899}
	EndGlobalSection
EndGlobal
