
Microsoft Visual Studio Solution File, Format Version 12.00
# Visual Studio Version 17
VisualStudioVersion = 17.6.33723.286
MinimumVisualStudioVersion = 10.0.40219.1
Project("{FAE04EC0-301F-11D3-BF4B-00C04F79EFBC}") = "Exercicio_While_02", "Exercicio_While_02\Exercicio_While_02.csproj", "{393C7BDC-127B-4428-931C-ACFEB0D7D6C1}"
EndProject
Global
	GlobalSection(SolutionConfigurationPlatforms) = preSolution
		Debug|Any CPU = Debug|Any CPU
		Release|Any CPU = Release|Any CPU
	EndGlobalSection
	GlobalSection(ProjectConfigurationPlatforms) = postSolution
		{393C7BDC-127B-4428-931C-ACFEB0D7D6C1}.Debug|Any CPU.ActiveCfg = Debug|Any CPU
		{393C7BDC-127B-4428-931C-ACFEB0D7D6C1}.Debug|Any CPU.Build.0 = Debug|Any CPU
		{393C7BDC-127B-4428-931C-ACFEB0D7D6C1}.Release|Any CPU.ActiveCfg = Release|Any CPU
		{393C7BDC-127B-4428-931C-ACFEB0D7D6C1}.Release|Any CPU.Build.0 = Release|Any CPU
	EndGlobalSection
	GlobalSection(SolutionProperties) = preSolution
		HideSolutionNode = FALSE
	EndGlobalSection
	GlobalSection(ExtensibilityGlobals) = postSolution
		SolutionGuid = {AFDB9194-070F-4B40-94C9-AC0C702E43C5}
	EndGlobalSection
EndGlobal
