
Microsoft Visual Studio Solution File, Format Version 12.00
# Visual Studio Version 17
VisualStudioVersion = 17.6.33723.286
MinimumVisualStudioVersion = 10.0.40219.1
Project("{FAE04EC0-301F-11D3-BF4B-00C04F79EFBC}") = "Exercicio_Fixacao_01", "Exercicio_Fixacao_01\Exercicio_Fixacao_01.csproj", "{ACAFDD5F-C2C2-4314-81ED-0A8681BF5C4A}"
EndProject
Global
	GlobalSection(SolutionConfigurationPlatforms) = preSolution
		Debug|Any CPU = Debug|Any CPU
		Release|Any CPU = Release|Any CPU
	EndGlobalSection
	GlobalSection(ProjectConfigurationPlatforms) = postSolution
		{ACAFDD5F-C2C2-4314-81ED-0A8681BF5C4A}.Debug|Any CPU.ActiveCfg = Debug|Any CPU
		{ACAFDD5F-C2C2-4314-81ED-0A8681BF5C4A}.Debug|Any CPU.Build.0 = Debug|Any CPU
		{ACAFDD5F-C2C2-4314-81ED-0A8681BF5C4A}.Release|Any CPU.ActiveCfg = Release|Any CPU
		{ACAFDD5F-C2C2-4314-81ED-0A8681BF5C4A}.Release|Any CPU.Build.0 = Release|Any CPU
	EndGlobalSection
	GlobalSection(SolutionProperties) = preSolution
		HideSolutionNode = FALSE
	EndGlobalSection
	GlobalSection(ExtensibilityGlobals) = postSolution
		SolutionGuid = {B92A6868-9247-4273-BDD2-2507E7FE3CDA}
	EndGlobalSection
EndGlobal
