
Microsoft Visual Studio Solution File, Format Version 12.00
# Visual Studio Version 17
VisualStudioVersion = 17.6.33723.286
MinimumVisualStudioVersion = 10.0.40219.1
Project("{FAE04EC0-301F-11D3-BF4B-00C04F79EFBC}") = "Exercicio_Condicional_04", "Exercicio_Condicional_04\Exercicio_Condicional_04.csproj", "{C747F054-FD4D-47C3-8ADE-3DCE75D304D9}"
EndProject
Global
	GlobalSection(SolutionConfigurationPlatforms) = preSolution
		Debug|Any CPU = Debug|Any CPU
		Release|Any CPU = Release|Any CPU
	EndGlobalSection
	GlobalSection(ProjectConfigurationPlatforms) = postSolution
		{C747F054-FD4D-47C3-8ADE-3DCE75D304D9}.Debug|Any CPU.ActiveCfg = Debug|Any CPU
		{C747F054-FD4D-47C3-8ADE-3DCE75D304D9}.Debug|Any CPU.Build.0 = Debug|Any CPU
		{C747F054-FD4D-47C3-8ADE-3DCE75D304D9}.Release|Any CPU.ActiveCfg = Release|Any CPU
		{C747F054-FD4D-47C3-8ADE-3DCE75D304D9}.Release|Any CPU.Build.0 = Release|Any CPU
	EndGlobalSection
	GlobalSection(SolutionProperties) = preSolution
		HideSolutionNode = FALSE
	EndGlobalSection
	GlobalSection(ExtensibilityGlobals) = postSolution
		SolutionGuid = {DC5228F8-0F8E-4222-948C-DEB681FCA718}
	EndGlobalSection
EndGlobal
