
Microsoft Visual Studio Solution File, Format Version 12.00
# Visual Studio Version 17
VisualStudioVersion = 17.6.33723.286
MinimumVisualStudioVersion = 10.0.40219.1
Project("{FAE04EC0-301F-11D3-BF4B-00C04F79EFBC}") = "Exercicio_While_03", "Exercicio_While_03\Exercicio_While_03.csproj", "{BABDF434-7B27-45FE-BA5E-E3C36A06B193}"
EndProject
Global
	GlobalSection(SolutionConfigurationPlatforms) = preSolution
		Debug|Any CPU = Debug|Any CPU
		Release|Any CPU = Release|Any CPU
	EndGlobalSection
	GlobalSection(ProjectConfigurationPlatforms) = postSolution
		{BABDF434-7B27-45FE-BA5E-E3C36A06B193}.Debug|Any CPU.ActiveCfg = Debug|Any CPU
		{BABDF434-7B27-45FE-BA5E-E3C36A06B193}.Debug|Any CPU.Build.0 = Debug|Any CPU
		{BABDF434-7B27-45FE-BA5E-E3C36A06B193}.Release|Any CPU.ActiveCfg = Release|Any CPU
		{BABDF434-7B27-45FE-BA5E-E3C36A06B193}.Release|Any CPU.Build.0 = Release|Any CPU
	EndGlobalSection
	GlobalSection(SolutionProperties) = preSolution
		HideSolutionNode = FALSE
	EndGlobalSection
	GlobalSection(ExtensibilityGlobals) = postSolution
		SolutionGuid = {B8131806-2801-42B1-838D-917B0AF22858}
	EndGlobalSection
EndGlobal
