
Microsoft Visual Studio Solution File, Format Version 12.00
# Visual Studio Version 17
VisualStudioVersion = 17.6.33723.286
MinimumVisualStudioVersion = 10.0.40219.1
Project("{FAE04EC0-301F-11D3-BF4B-00C04F79EFBC}") = "Exercicio_Sequencial_02", "Exercicio_Sequencial_02\Exercicio_Sequencial_02.csproj", "{58614DF8-8076-4CE4-9DA7-8D985287FAB5}"
EndProject
Global
	GlobalSection(SolutionConfigurationPlatforms) = preSolution
		Debug|Any CPU = Debug|Any CPU
		Release|Any CPU = Release|Any CPU
	EndGlobalSection
	GlobalSection(ProjectConfigurationPlatforms) = postSolution
		{58614DF8-8076-4CE4-9DA7-8D985287FAB5}.Debug|Any CPU.ActiveCfg = Debug|Any CPU
		{58614DF8-8076-4CE4-9DA7-8D985287FAB5}.Debug|Any CPU.Build.0 = Debug|Any CPU
		{58614DF8-8076-4CE4-9DA7-8D985287FAB5}.Release|Any CPU.ActiveCfg = Release|Any CPU
		{58614DF8-8076-4CE4-9DA7-8D985287FAB5}.Release|Any CPU.Build.0 = Release|Any CPU
	EndGlobalSection
	GlobalSection(SolutionProperties) = preSolution
		HideSolutionNode = FALSE
	EndGlobalSection
	GlobalSection(ExtensibilityGlobals) = postSolution
		SolutionGuid = {2F55E4D8-A2AA-4FCD-AE92-790D07E3D8D7}
	EndGlobalSection
EndGlobal
